
Microsoft Visual Studio Solution File, Format Version 12.00
# Visual Studio Version 16
VisualStudioVersion = 16.0.30204.135
MinimumVisualStudioVersion = 10.0.40219.1
Project("{FAE04EC0-301F-11D3-BF4B-00C04F79EFBC}") = "IFoodAPI", "IFoodAPI\IFoodAPI.csproj", "{085F34D7-2DBF-4486-80E7-5BAC95221A03}"
EndProject
Global
	GlobalSection(SolutionConfigurationPlatforms) = preSolution
		Debug|Any CPU = Debug|Any CPU
		Release|Any CPU = Release|Any CPU
	EndGlobalSection
	GlobalSection(ProjectConfigurationPlatforms) = postSolution
		{085F34D7-2DBF-4486-80E7-5BAC95221A03}.Debug|Any CPU.ActiveCfg = Debug|Any CPU
		{085F34D7-2DBF-4486-80E7-5BAC95221A03}.Debug|Any CPU.Build.0 = Debug|Any CPU
		{085F34D7-2DBF-4486-80E7-5BAC95221A03}.Release|Any CPU.ActiveCfg = Release|Any CPU
		{085F34D7-2DBF-4486-80E7-5BAC95221A03}.Release|Any CPU.Build.0 = Release|Any CPU
	EndGlobalSection
	GlobalSection(SolutionProperties) = preSolution
		HideSolutionNode = FALSE
	EndGlobalSection
	GlobalSection(ExtensibilityGlobals) = postSolution
		SolutionGuid = {9AD443AF-9470-4333-97DB-6A5080F9B686}
	EndGlobalSection
EndGlobal
